
Microsoft Visual Studio Solution File, Format Version 11.00
# Visual Studio 2010
Project("{FAE04EC0-301F-11D3-BF4B-00C04F79EFBC}") = "UnityEngine.TestRunner", "UnityEngine.TestRunner.csproj", "{B272C697-769A-3FDE-F8F4-A5E3EB9579EA}"
EndProject
Project("{FAE04EC0-301F-11D3-BF4B-00C04F79EFBC}") = "Unity.2D.Animation.Triangle.Runtime", "Unity.2D.Animation.Triangle.Runtime.csproj", "{13C12DC7-EBFE-B45C-DB49-CF492007D07C}"
EndProject
Project("{FAE04EC0-301F-11D3-BF4B-00C04F79EFBC}") = "UnityEngine.UI", "UnityEngine.UI.csproj", "{1AE91504-DFDA-1DB0-0CA6-F4B83900AE99}"
EndProject
Project("{FAE04EC0-301F-11D3-BF4B-00C04F79EFBC}") = "Unity.TextMeshPro", "Unity.TextMeshPro.csproj", "{C3FEB463-5DCD-9AD3-EFEA-970FEBF2F379}"
EndProject
Project("{FAE04EC0-301F-11D3-BF4B-00C04F79EFBC}") = "Unity.2D.Animation.Runtime", "Unity.2D.Animation.Runtime.csproj", "{02BF2915-AB2D-8E2C-2FD9-7A72678CB166}"
EndProject
Project("{FAE04EC0-301F-11D3-BF4B-00C04F79EFBC}") = "Unity.Timeline", "Unity.Timeline.csproj", "{36236869-3C8C-6B46-04A9-D64274EECF70}"
EndProject
Project("{FAE04EC0-301F-11D3-BF4B-00C04F79EFBC}") = "Unity.Mathematics", "Unity.Mathematics.csproj", "{94617198-1C12-498C-C7AE-DA8FDE7EFE12}"
EndProject
Project("{FAE04EC0-301F-11D3-BF4B-00C04F79EFBC}") = "Unity.2D.SpriteShape.Runtime", "Unity.2D.SpriteShape.Runtime.csproj", "{AB79620E-4393-4795-8F42-234D7EB40B52}"
EndProject
Project("{FAE04EC0-301F-11D3-BF4B-00C04F79EFBC}") = "Assembly-CSharp", "Assembly-CSharp.csproj", "{8CA74434-E958-B017-F34B-A146A302ECCD}"
EndProject
Project("{FAE04EC0-301F-11D3-BF4B-00C04F79EFBC}") = "Unity.2D.PixelPerfect", "Unity.2D.PixelPerfect.csproj", "{E35C133C-78CA-AADB-779D-408B7A4094C5}"
EndProject
Project("{FAE04EC0-301F-11D3-BF4B-00C04F79EFBC}") = "Unity.InternalAPIEngineBridge.001", "Unity.InternalAPIEngineBridge.001.csproj", "{89BB3E6B-2D70-5107-2108-9C2BA7F8B420}"
EndProject
Project("{FAE04EC0-301F-11D3-BF4B-00C04F79EFBC}") = "Unity.2D.Common.Runtime", "Unity.2D.Common.Runtime.csproj", "{3CB38F4C-0FC9-3C68-D7ED-29622DB47A14}"
EndProject
Project("{FAE04EC0-301F-11D3-BF4B-00C04F79EFBC}") = "UnityEditor.TestRunner", "UnityEditor.TestRunner.csproj", "{3D54881D-80AB-83DC-A06B-8E4647DDD581}"
EndProject
Project("{FAE04EC0-301F-11D3-BF4B-00C04F79EFBC}") = "Unity.TextMeshPro.Editor", "Unity.TextMeshPro.Editor.csproj", "{B38E5FBE-F586-9AA5-4207-9C95396D18FD}"
EndProject
Project("{FAE04EC0-301F-11D3-BF4B-00C04F79EFBC}") = "Unity.Timeline.Editor", "Unity.Timeline.Editor.csproj", "{AC182D96-AFF0-E573-7555-F3EE367A96EE}"
EndProject
Project("{FAE04EC0-301F-11D3-BF4B-00C04F79EFBC}") = "Unity.2D.Animation.Editor", "Unity.2D.Animation.Editor.csproj", "{28B16241-47BE-1EFA-69C1-0DF9F1542018}"
EndProject
Project("{FAE04EC0-301F-11D3-BF4B-00C04F79EFBC}") = "Unity.2D.Path.Editor", "Unity.2D.Path.Editor.csproj", "{26799529-6B3D-74E0-2D01-1D19C3455D25}"
EndProject
Project("{FAE04EC0-301F-11D3-BF4B-00C04F79EFBC}") = "Unity.2D.Sprite.Editor", "Unity.2D.Sprite.Editor.csproj", "{46B9E505-7D1F-13A3-F15E-01DE19B4B6E6}"
EndProject
Project("{FAE04EC0-301F-11D3-BF4B-00C04F79EFBC}") = "UnityEditor.UI", "UnityEditor.UI.csproj", "{25A2C1C7-31FB-6909-001E-411679F4CA2A}"
EndProject
Project("{FAE04EC0-301F-11D3-BF4B-00C04F79EFBC}") = "Unity.Rider.Editor", "Unity.Rider.Editor.csproj", "{0DC259DB-4FE1-0FC1-1C59-C624821FC393}"
EndProject
Project("{FAE04EC0-301F-11D3-BF4B-00C04F79EFBC}") = "Unity.2D.Tilemap.Editor", "Unity.2D.Tilemap.Editor.csproj", "{0AC7D513-E1F8-CCFB-DE5E-29219E3A72F4}"
EndProject
Project("{FAE04EC0-301F-11D3-BF4B-00C04F79EFBC}") = "Unity.2D.SpriteShape.Editor", "Unity.2D.SpriteShape.Editor.csproj", "{95D23C45-22E2-303C-3022-16719E47C3AD}"
EndProject
Project("{FAE04EC0-301F-11D3-BF4B-00C04F79EFBC}") = "PsdPlugin", "PsdPlugin.csproj", "{154296CE-AAE6-E2B8-915A-CF04C63F38FE}"
EndProject
Project("{FAE04EC0-301F-11D3-BF4B-00C04F79EFBC}") = "Unity.CollabProxy.Editor", "Unity.CollabProxy.Editor.csproj", "{95ECCD45-EA5D-BC82-9D16-5CF626D3693C}"
EndProject
Project("{FAE04EC0-301F-11D3-BF4B-00C04F79EFBC}") = "Unity.2D.Common.Editor", "Unity.2D.Common.Editor.csproj", "{2ED36A47-9FC4-EB13-20B3-9F9BE625FFAC}"
EndProject
Project("{FAE04EC0-301F-11D3-BF4B-00C04F79EFBC}") = "Unity.VSCode.Editor", "Unity.VSCode.Editor.csproj", "{C18C304D-C3F3-2C07-3815-FB6C46ACC17F}"
EndProject
Project("{FAE04EC0-301F-11D3-BF4B-00C04F79EFBC}") = "Unity.2D.Psdimporter.Editor", "Unity.2D.Psdimporter.Editor.csproj", "{DB317DA2-1626-28F8-9885-91A883253DCA}"
EndProject
Project("{FAE04EC0-301F-11D3-BF4B-00C04F79EFBC}") = "Unity.2D.PixelPerfect.Editor", "Unity.2D.PixelPerfect.Editor.csproj", "{7C8C7B68-364D-BF01-3EEC-EDC7E759C9DA}"
EndProject
Project("{FAE04EC0-301F-11D3-BF4B-00C04F79EFBC}") = "Unity.Mathematics.Editor", "Unity.Mathematics.Editor.csproj", "{0C53B571-C269-E786-7322-757493B847FF}"
EndProject
Project("{FAE04EC0-301F-11D3-BF4B-00C04F79EFBC}") = "Unity.InternalAPIEditorBridge.001", "Unity.InternalAPIEditorBridge.001.csproj", "{933377EA-CC22-DF77-32C8-6060EB0F29DC}"
EndProject
Global
	GlobalSection(SolutionConfigurationPlatforms) = preSolution
		Debug|Any CPU = Debug|Any CPU
		Release|Any CPU = Release|Any CPU
	EndGlobalSection
	GlobalSection(ProjectConfigurationPlatforms) = postSolution
		{B272C697-769A-3FDE-F8F4-A5E3EB9579EA}.Debug|Any CPU.ActiveCfg = Debug|Any CPU
		{B272C697-769A-3FDE-F8F4-A5E3EB9579EA}.Debug|Any CPU.Build.0 = Debug|Any CPU
		{B272C697-769A-3FDE-F8F4-A5E3EB9579EA}.Release|Any CPU.ActiveCfg = Release|Any CPU
		{B272C697-769A-3FDE-F8F4-A5E3EB9579EA}.Release|Any CPU.Build.0 = Release|Any CPU
		{13C12DC7-EBFE-B45C-DB49-CF492007D07C}.Debug|Any CPU.ActiveCfg = Debug|Any CPU
		{13C12DC7-EBFE-B45C-DB49-CF492007D07C}.Debug|Any CPU.Build.0 = Debug|Any CPU
		{13C12DC7-EBFE-B45C-DB49-CF492007D07C}.Release|Any CPU.ActiveCfg = Release|Any CPU
		{13C12DC7-EBFE-B45C-DB49-CF492007D07C}.Release|Any CPU.Build.0 = Release|Any CPU
		{1AE91504-DFDA-1DB0-0CA6-F4B83900AE99}.Debug|Any CPU.ActiveCfg = Debug|Any CPU
		{1AE91504-DFDA-1DB0-0CA6-F4B83900AE99}.Debug|Any CPU.Build.0 = Debug|Any CPU
		{1AE91504-DFDA-1DB0-0CA6-F4B83900AE99}.Release|Any CPU.ActiveCfg = Release|Any CPU
		{1AE91504-DFDA-1DB0-0CA6-F4B83900AE99}.Release|Any CPU.Build.0 = Release|Any CPU
		{C3FEB463-5DCD-9AD3-EFEA-970FEBF2F379}.Debug|Any CPU.ActiveCfg = Debug|Any CPU
		{C3FEB463-5DCD-9AD3-EFEA-970FEBF2F379}.Debug|Any CPU.Build.0 = Debug|Any CPU
		{C3FEB463-5DCD-9AD3-EFEA-970FEBF2F379}.Release|Any CPU.ActiveCfg = Release|Any CPU
		{C3FEB463-5DCD-9AD3-EFEA-970FEBF2F379}.Release|Any CPU.Build.0 = Release|Any CPU
		{02BF2915-AB2D-8E2C-2FD9-7A72678CB166}.Debug|Any CPU.ActiveCfg = Debug|Any CPU
		{02BF2915-AB2D-8E2C-2FD9-7A72678CB166}.Debug|Any CPU.Build.0 = Debug|Any CPU
		{02BF2915-AB2D-8E2C-2FD9-7A72678CB166}.Release|Any CPU.ActiveCfg = Release|Any CPU
		{02BF2915-AB2D-8E2C-2FD9-7A72678CB166}.Release|Any CPU.Build.0 = Release|Any CPU
		{36236869-3C8C-6B46-04A9-D64274EECF70}.Debug|Any CPU.ActiveCfg = Debug|Any CPU
		{36236869-3C8C-6B46-04A9-D64274EECF70}.Debug|Any CPU.Build.0 = Debug|Any CPU
		{36236869-3C8C-6B46-04A9-D64274EECF70}.Release|Any CPU.ActiveCfg = Release|Any CPU
		{36236869-3C8C-6B46-04A9-D64274EECF70}.Release|Any CPU.Build.0 = Release|Any CPU
		{94617198-1C12-498C-C7AE-DA8FDE7EFE12}.Debug|Any CPU.ActiveCfg = Debug|Any CPU
		{94617198-1C12-498C-C7AE-DA8FDE7EFE12}.Debug|Any CPU.Build.0 = Debug|Any CPU
		{94617198-1C12-498C-C7AE-DA8FDE7EFE12}.Release|Any CPU.ActiveCfg = Release|Any CPU
		{94617198-1C12-498C-C7AE-DA8FDE7EFE12}.Release|Any CPU.Build.0 = Release|Any CPU
		{AB79620E-4393-4795-8F42-234D7EB40B52}.Debug|Any CPU.ActiveCfg = Debug|Any CPU
		{AB79620E-4393-4795-8F42-234D7EB40B52}.Debug|Any CPU.Build.0 = Debug|Any CPU
		{AB79620E-4393-4795-8F42-234D7EB40B52}.Release|Any CPU.ActiveCfg = Release|Any CPU
		{AB79620E-4393-4795-8F42-234D7EB40B52}.Release|Any CPU.Build.0 = Release|Any CPU
		{8CA74434-E958-B017-F34B-A146A302ECCD}.Debug|Any CPU.ActiveCfg = Debug|Any CPU
		{8CA74434-E958-B017-F34B-A146A302ECCD}.Debug|Any CPU.Build.0 = Debug|Any CPU
		{8CA74434-E958-B017-F34B-A146A302ECCD}.Release|Any CPU.ActiveCfg = Release|Any CPU
		{8CA74434-E958-B017-F34B-A146A302ECCD}.Release|Any CPU.Build.0 = Release|Any CPU
		{E35C133C-78CA-AADB-779D-408B7A4094C5}.Debug|Any CPU.ActiveCfg = Debug|Any CPU
		{E35C133C-78CA-AADB-779D-408B7A4094C5}.Debug|Any CPU.Build.0 = Debug|Any CPU
		{E35C133C-78CA-AADB-779D-408B7A4094C5}.Release|Any CPU.ActiveCfg = Release|Any CPU
		{E35C133C-78CA-AADB-779D-408B7A4094C5}.Release|Any CPU.Build.0 = Release|Any CPU
		{89BB3E6B-2D70-5107-2108-9C2BA7F8B420}.Debug|Any CPU.ActiveCfg = Debug|Any CPU
		{89BB3E6B-2D70-5107-2108-9C2BA7F8B420}.Debug|Any CPU.Build.0 = Debug|Any CPU
		{89BB3E6B-2D70-5107-2108-9C2BA7F8B420}.Release|Any CPU.ActiveCfg = Release|Any CPU
		{89BB3E6B-2D70-5107-2108-9C2BA7F8B420}.Release|Any CPU.Build.0 = Release|Any CPU
		{3CB38F4C-0FC9-3C68-D7ED-29622DB47A14}.Debug|Any CPU.ActiveCfg = Debug|Any CPU
		{3CB38F4C-0FC9-3C68-D7ED-29622DB47A14}.Debug|Any CPU.Build.0 = Debug|Any CPU
		{3CB38F4C-0FC9-3C68-D7ED-29622DB47A14}.Release|Any CPU.ActiveCfg = Release|Any CPU
		{3CB38F4C-0FC9-3C68-D7ED-29622DB47A14}.Release|Any CPU.Build.0 = Release|Any CPU
		{3D54881D-80AB-83DC-A06B-8E4647DDD581}.Debug|Any CPU.ActiveCfg = Debug|Any CPU
		{3D54881D-80AB-83DC-A06B-8E4647DDD581}.Debug|Any CPU.Build.0 = Debug|Any CPU
		{3D54881D-80AB-83DC-A06B-8E4647DDD581}.Release|Any CPU.ActiveCfg = Release|Any CPU
		{3D54881D-80AB-83DC-A06B-8E4647DDD581}.Release|Any CPU.Build.0 = Release|Any CPU
		{B38E5FBE-F586-9AA5-4207-9C95396D18FD}.Debug|Any CPU.ActiveCfg = Debug|Any CPU
		{B38E5FBE-F586-9AA5-4207-9C95396D18FD}.Debug|Any CPU.Build.0 = Debug|Any CPU
		{B38E5FBE-F586-9AA5-4207-9C95396D18FD}.Release|Any CPU.ActiveCfg = Release|Any CPU
		{B38E5FBE-F586-9AA5-4207-9C95396D18FD}.Release|Any CPU.Build.0 = Release|Any CPU
		{AC182D96-AFF0-E573-7555-F3EE367A96EE}.Debug|Any CPU.ActiveCfg = Debug|Any CPU
		{AC182D96-AFF0-E573-7555-F3EE367A96EE}.Debug|Any CPU.Build.0 = Debug|Any CPU
		{AC182D96-AFF0-E573-7555-F3EE367A96EE}.Release|Any CPU.ActiveCfg = Release|Any CPU
		{AC182D96-AFF0-E573-7555-F3EE367A96EE}.Release|Any CPU.Build.0 = Release|Any CPU
		{28B16241-47BE-1EFA-69C1-0DF9F1542018}.Debug|Any CPU.ActiveCfg = Debug|Any CPU
		{28B16241-47BE-1EFA-69C1-0DF9F1542018}.Debug|Any CPU.Build.0 = Debug|Any CPU
		{28B16241-47BE-1EFA-69C1-0DF9F1542018}.Release|Any CPU.ActiveCfg = Release|Any CPU
		{28B16241-47BE-1EFA-69C1-0DF9F1542018}.Release|Any CPU.Build.0 = Release|Any CPU
		{26799529-6B3D-74E0-2D01-1D19C3455D25}.Debug|Any CPU.ActiveCfg = Debug|Any CPU
		{26799529-6B3D-74E0-2D01-1D19C3455D25}.Debug|Any CPU.Build.0 = Debug|Any CPU
		{26799529-6B3D-74E0-2D01-1D19C3455D25}.Release|Any CPU.ActiveCfg = Release|Any CPU
		{26799529-6B3D-74E0-2D01-1D19C3455D25}.Release|Any CPU.Build.0 = Release|Any CPU
		{46B9E505-7D1F-13A3-F15E-01DE19B4B6E6}.Debug|Any CPU.ActiveCfg = Debug|Any CPU
		{46B9E505-7D1F-13A3-F15E-01DE19B4B6E6}.Debug|Any CPU.Build.0 = Debug|Any CPU
		{46B9E505-7D1F-13A3-F15E-01DE19B4B6E6}.Release|Any CPU.ActiveCfg = Release|Any CPU
		{46B9E505-7D1F-13A3-F15E-01DE19B4B6E6}.Release|Any CPU.Build.0 = Release|Any CPU
		{25A2C1C7-31FB-6909-001E-411679F4CA2A}.Debug|Any CPU.ActiveCfg = Debug|Any CPU
		{25A2C1C7-31FB-6909-001E-411679F4CA2A}.Debug|Any CPU.Build.0 = Debug|Any CPU
		{25A2C1C7-31FB-6909-001E-411679F4CA2A}.Release|Any CPU.ActiveCfg = Release|Any CPU
		{25A2C1C7-31FB-6909-001E-411679F4CA2A}.Release|Any CPU.Build.0 = Release|Any CPU
		{0DC259DB-4FE1-0FC1-1C59-C624821FC393}.Debug|Any CPU.ActiveCfg = Debug|Any CPU
		{0DC259DB-4FE1-0FC1-1C59-C624821FC393}.Debug|Any CPU.Build.0 = Debug|Any CPU
		{0DC259DB-4FE1-0FC1-1C59-C624821FC393}.Release|Any CPU.ActiveCfg = Release|Any CPU
		{0DC259DB-4FE1-0FC1-1C59-C624821FC393}.Release|Any CPU.Build.0 = Release|Any CPU
		{0AC7D513-E1F8-CCFB-DE5E-29219E3A72F4}.Debug|Any CPU.ActiveCfg = Debug|Any CPU
		{0AC7D513-E1F8-CCFB-DE5E-29219E3A72F4}.Debug|Any CPU.Build.0 = Debug|Any CPU
		{0AC7D513-E1F8-CCFB-DE5E-29219E3A72F4}.Release|Any CPU.ActiveCfg = Release|Any CPU
		{0AC7D513-E1F8-CCFB-DE5E-29219E3A72F4}.Release|Any CPU.Build.0 = Release|Any CPU
		{95D23C45-22E2-303C-3022-16719E47C3AD}.Debug|Any CPU.ActiveCfg = Debug|Any CPU
		{95D23C45-22E2-303C-3022-16719E47C3AD}.Debug|Any CPU.Build.0 = Debug|Any CPU
		{95D23C45-22E2-303C-3022-16719E47C3AD}.Release|Any CPU.ActiveCfg = Release|Any CPU
		{95D23C45-22E2-303C-3022-16719E47C3AD}.Release|Any CPU.Build.0 = Release|Any CPU
		{154296CE-AAE6-E2B8-915A-CF04C63F38FE}.Debug|Any CPU.ActiveCfg = Debug|Any CPU
		{154296CE-AAE6-E2B8-915A-CF04C63F38FE}.Debug|Any CPU.Build.0 = Debug|Any CPU
		{154296CE-AAE6-E2B8-915A-CF04C63F38FE}.Release|Any CPU.ActiveCfg = Release|Any CPU
		{154296CE-AAE6-E2B8-915A-CF04C63F38FE}.Release|Any CPU.Build.0 = Release|Any CPU
		{95ECCD45-EA5D-BC82-9D16-5CF626D3693C}.Debug|Any CPU.ActiveCfg = Debug|Any CPU
		{95ECCD45-EA5D-BC82-9D16-5CF626D3693C}.Debug|Any CPU.Build.0 = Debug|Any CPU
		{95ECCD45-EA5D-BC82-9D16-5CF626D3693C}.Release|Any CPU.ActiveCfg = Release|Any CPU
		{95ECCD45-EA5D-BC82-9D16-5CF626D3693C}.Release|Any CPU.Build.0 = Release|Any CPU
		{2ED36A47-9FC4-EB13-20B3-9F9BE625FFAC}.Debug|Any CPU.ActiveCfg = Debug|Any CPU
		{2ED36A47-9FC4-EB13-20B3-9F9BE625FFAC}.Debug|Any CPU.Build.0 = Debug|Any CPU
		{2ED36A47-9FC4-EB13-20B3-9F9BE625FFAC}.Release|Any CPU.ActiveCfg = Release|Any CPU
		{2ED36A47-9FC4-EB13-20B3-9F9BE625FFAC}.Release|Any CPU.Build.0 = Release|Any CPU
		{C18C304D-C3F3-2C07-3815-FB6C46ACC17F}.Debug|Any CPU.ActiveCfg = Debug|Any CPU
		{C18C304D-C3F3-2C07-3815-FB6C46ACC17F}.Debug|Any CPU.Build.0 = Debug|Any CPU
		{C18C304D-C3F3-2C07-3815-FB6C46ACC17F}.Release|Any CPU.ActiveCfg = Release|Any CPU
		{C18C304D-C3F3-2C07-3815-FB6C46ACC17F}.Release|Any CPU.Build.0 = Release|Any CPU
		{DB317DA2-1626-28F8-9885-91A883253DCA}.Debug|Any CPU.ActiveCfg = Debug|Any CPU
		{DB317DA2-1626-28F8-9885-91A883253DCA}.Debug|Any CPU.Build.0 = Debug|Any CPU
		{DB317DA2-1626-28F8-9885-91A883253DCA}.Release|Any CPU.ActiveCfg = Release|Any CPU
		{DB317DA2-1626-28F8-9885-91A883253DCA}.Release|Any CPU.Build.0 = Release|Any CPU
		{7C8C7B68-364D-BF01-3EEC-EDC7E759C9DA}.Debug|Any CPU.ActiveCfg = Debug|Any CPU
		{7C8C7B68-364D-BF01-3EEC-EDC7E759C9DA}.Debug|Any CPU.Build.0 = Debug|Any CPU
		{7C8C7B68-364D-BF01-3EEC-EDC7E759C9DA}.Release|Any CPU.ActiveCfg = Release|Any CPU
		{7C8C7B68-364D-BF01-3EEC-EDC7E759C9DA}.Release|Any CPU.Build.0 = Release|Any CPU
		{0C53B571-C269-E786-7322-757493B847FF}.Debug|Any CPU.ActiveCfg = Debug|Any CPU
		{0C53B571-C269-E786-7322-757493B847FF}.Debug|Any CPU.Build.0 = Debug|Any CPU
		{0C53B571-C269-E786-7322-757493B847FF}.Release|Any CPU.ActiveCfg = Release|Any CPU
		{0C53B571-C269-E786-7322-757493B847FF}.Release|Any CPU.Build.0 = Release|Any CPU
		{933377EA-CC22-DF77-32C8-6060EB0F29DC}.Debug|Any CPU.ActiveCfg = Debug|Any CPU
		{933377EA-CC22-DF77-32C8-6060EB0F29DC}.Debug|Any CPU.Build.0 = Debug|Any CPU
		{933377EA-CC22-DF77-32C8-6060EB0F29DC}.Release|Any CPU.ActiveCfg = Release|Any CPU
		{933377EA-CC22-DF77-32C8-6060EB0F29DC}.Release|Any CPU.Build.0 = Release|Any CPU
	EndGlobalSection
	GlobalSection(SolutionProperties) = preSolution
		HideSolutionNode = FALSE
	EndGlobalSection
EndGlobal
